
Microsoft Visual Studio Solution File, Format Version 12.00
# Visual Studio Version 16
VisualStudioVersion = 16.0.29613.14
MinimumVisualStudioVersion = 10.0.40219.1
Project("{FAE04EC0-301F-11D3-BF4B-00C04F79EFBC}") = "FileNameScanner", "FlieName\FileNameScanner.csproj", "{1B47A30C-999E-476C-B2A7-4A221F463A47}"
EndProject
Global
	GlobalSection(SolutionConfigurationPlatforms) = preSolution
		Debug|Any CPU = Debug|Any CPU
		Release|Any CPU = Release|Any CPU
	EndGlobalSection
	GlobalSection(ProjectConfigurationPlatforms) = postSolution
		{1B47A30C-999E-476C-B2A7-4A221F463A47}.Debug|Any CPU.ActiveCfg = Debug|Any CPU
		{1B47A30C-999E-476C-B2A7-4A221F463A47}.Debug|Any CPU.Build.0 = Debug|Any CPU
		{1B47A30C-999E-476C-B2A7-4A221F463A47}.Release|Any CPU.ActiveCfg = Release|Any CPU
		{1B47A30C-999E-476C-B2A7-4A221F463A47}.Release|Any CPU.Build.0 = Release|Any CPU
	EndGlobalSection
	GlobalSection(SolutionProperties) = preSolution
		HideSolutionNode = FALSE
	EndGlobalSection
	GlobalSection(ExtensibilityGlobals) = postSolution
		SolutionGuid = {3F1A1940-F435-4243-89E8-8C0E2708078E}
	EndGlobalSection
EndGlobal
